
Microsoft Visual Studio Solution File, Format Version 12.00
# Visual Studio Version 16
VisualStudioVersion = 16.0.30907.101
MinimumVisualStudioVersion = 10.0.40219.1
Project("{FAE04EC0-301F-11D3-BF4B-00C04F79EFBC}") = "AccesoDatos", "AccesoDatos\AccesoDatos.csproj", "{AF532ACB-914E-487F-96B9-51F83E421408}"
EndProject
Project("{FAE04EC0-301F-11D3-BF4B-00C04F79EFBC}") = "LogicaNegocio", "LogicaNegocio\LogicaNegocio.csproj", "{2834792A-6DFB-4BF7-B62F-82920275B732}"
EndProject
Project("{FAE04EC0-301F-11D3-BF4B-00C04F79EFBC}") = "Presentacion", "Presentacion\Presentacion.csproj", "{2A40139E-66CC-48CC-86A8-FDA5A2A002A7}"
EndProject
Project("{FAE04EC0-301F-11D3-BF4B-00C04F79EFBC}") = "LogicaNegocioTest", "LogicaNegocioTest\LogicaNegocioTest.csproj", "{3F0A4216-86AD-4D5A-BFA0-C165927A6C69}"
EndProject
Project("{FAE04EC0-301F-11D3-BF4B-00C04F79EFBC}") = "PresentacionFinal", "PresentacionFinal\PresentacionFinal.csproj", "{D46D6409-9449-4B4D-882E-05857BE0636F}"
EndProject
Global
	GlobalSection(SolutionConfigurationPlatforms) = preSolution
		Debug|Any CPU = Debug|Any CPU
		Release|Any CPU = Release|Any CPU
	EndGlobalSection
	GlobalSection(ProjectConfigurationPlatforms) = postSolution
		{AF532ACB-914E-487F-96B9-51F83E421408}.Debug|Any CPU.ActiveCfg = Debug|Any CPU
		{AF532ACB-914E-487F-96B9-51F83E421408}.Debug|Any CPU.Build.0 = Debug|Any CPU
		{AF532ACB-914E-487F-96B9-51F83E421408}.Release|Any CPU.ActiveCfg = Release|Any CPU
		{AF532ACB-914E-487F-96B9-51F83E421408}.Release|Any CPU.Build.0 = Release|Any CPU
		{2834792A-6DFB-4BF7-B62F-82920275B732}.Debug|Any CPU.ActiveCfg = Debug|Any CPU
		{2834792A-6DFB-4BF7-B62F-82920275B732}.Debug|Any CPU.Build.0 = Debug|Any CPU
		{2834792A-6DFB-4BF7-B62F-82920275B732}.Release|Any CPU.ActiveCfg = Release|Any CPU
		{2834792A-6DFB-4BF7-B62F-82920275B732}.Release|Any CPU.Build.0 = Release|Any CPU
		{2A40139E-66CC-48CC-86A8-FDA5A2A002A7}.Debug|Any CPU.ActiveCfg = Debug|Any CPU
		{2A40139E-66CC-48CC-86A8-FDA5A2A002A7}.Debug|Any CPU.Build.0 = Debug|Any CPU
		{2A40139E-66CC-48CC-86A8-FDA5A2A002A7}.Release|Any CPU.ActiveCfg = Release|Any CPU
		{2A40139E-66CC-48CC-86A8-FDA5A2A002A7}.Release|Any CPU.Build.0 = Release|Any CPU
		{3F0A4216-86AD-4D5A-BFA0-C165927A6C69}.Debug|Any CPU.ActiveCfg = Debug|Any CPU
		{3F0A4216-86AD-4D5A-BFA0-C165927A6C69}.Debug|Any CPU.Build.0 = Debug|Any CPU
		{3F0A4216-86AD-4D5A-BFA0-C165927A6C69}.Release|Any CPU.ActiveCfg = Release|Any CPU
		{3F0A4216-86AD-4D5A-BFA0-C165927A6C69}.Release|Any CPU.Build.0 = Release|Any CPU
		{D46D6409-9449-4B4D-882E-05857BE0636F}.Debug|Any CPU.ActiveCfg = Debug|Any CPU
		{D46D6409-9449-4B4D-882E-05857BE0636F}.Debug|Any CPU.Build.0 = Debug|Any CPU
		{D46D6409-9449-4B4D-882E-05857BE0636F}.Release|Any CPU.ActiveCfg = Release|Any CPU
		{D46D6409-9449-4B4D-882E-05857BE0636F}.Release|Any CPU.Build.0 = Release|Any CPU
	EndGlobalSection
	GlobalSection(SolutionProperties) = preSolution
		HideSolutionNode = FALSE
	EndGlobalSection
	GlobalSection(ExtensibilityGlobals) = postSolution
		SolutionGuid = {15565A75-3317-40CB-AB47-2B4BBE2AE6B1}
	EndGlobalSection
EndGlobal
